// !$*UTF8*$!
{
	archiveVersion = 1;
	classes = {
	};
	objectVersion = 56;
	objects = {

/* Begin PBXBuildFile section */
		CE59F20229670ACB00206B86 /* AddAccount.swift in Sources */ = {isa = PBXBuildFile; fileRef = CE59F20129670ACB00206B86 /* AddAccount.swift */; };
		CE59F20429670C1200206B86 /* AccountModel.swift in Sources */ = {isa = PBXBuildFile; fileRef = CE59F20329670C1200206B86 /* AccountModel.swift */; };
		CE59F21E29670D0C00206B86 /* Data.framework in Frameworks */ = {isa = PBXBuildFile; fileRef = CE59F21629670D0C00206B86 /* Data.framework */; };
		CE59F22329670D0D00206B86 /* RemoteAddAccountTests.swift in Sources */ = {isa = PBXBuildFile; fileRef = CE59F22229670D0D00206B86 /* RemoteAddAccountTests.swift */; };
		CE59F22C29670D4A00206B86 /* Domain.framework in Frameworks */ = {isa = PBXBuildFile; fileRef = CE59F1FA2967085100206B86 /* Domain.framework */; };
		CE59F22D29670D4A00206B86 /* Domain.framework in Embed Frameworks */ = {isa = PBXBuildFile; fileRef = CE59F1FA2967085100206B86 /* Domain.framework */; settings = {ATTRIBUTES = (CodeSignOnCopy, RemoveHeadersOnCopy, ); }; };
		CEA8FF9D29686C5F00637AE8 /* Model.swift in Sources */ = {isa = PBXBuildFile; fileRef = CEA8FF9C29686C5F00637AE8 /* Model.swift */; };
		CEA8FF9F29686D0C00637AE8 /* RemoteAddAccount.swift in Sources */ = {isa = PBXBuildFile; fileRef = CEA8FF9E29686D0C00637AE8 /* RemoteAddAccount.swift */; };
		CEA8FFA129686DBC00637AE8 /* HttpPostClient.swift in Sources */ = {isa = PBXBuildFile; fileRef = CEA8FFA029686DBB00637AE8 /* HttpPostClient.swift */; };
		CEEFE9FF296DAA26007F11A9 /* DomainError.swift in Sources */ = {isa = PBXBuildFile; fileRef = CEEFE9FE296DAA26007F11A9 /* DomainError.swift */; };
		CEEFEA02296DAA85007F11A9 /* HttpError.swift in Sources */ = {isa = PBXBuildFile; fileRef = CEEFEA01296DAA84007F11A9 /* HttpError.swift */; };
/* End PBXBuildFile section */

/* Begin PBXContainerItemProxy section */
		CE59F21F29670D0C00206B86 /* PBXContainerItemProxy */ = {
			isa = PBXContainerItemProxy;
			containerPortal = CE59F1E22967051700206B86 /* Project object */;
			proxyType = 1;
			remoteGlobalIDString = CE59F21529670D0C00206B86;
			remoteInfo = Data;
		};
		CE59F22E29670D4A00206B86 /* PBXContainerItemProxy */ = {
			isa = PBXContainerItemProxy;
			containerPortal = CE59F1E22967051700206B86 /* Project object */;
			proxyType = 1;
			remoteGlobalIDString = CE59F1F92967085100206B86;
			remoteInfo = Domain;
		};
/* End PBXContainerItemProxy section */

/* Begin PBXCopyFilesBuildPhase section */
		CE59F23029670D4A00206B86 /* Embed Frameworks */ = {
			isa = PBXCopyFilesBuildPhase;
			buildActionMask = 2147483647;
			dstPath = "";
			dstSubfolderSpec = 10;
			files = (
				CE59F22D29670D4A00206B86 /* Domain.framework in Embed Frameworks */,
			);
			name = "Embed Frameworks";
			runOnlyForDeploymentPostprocessing = 0;
		};
/* End PBXCopyFilesBuildPhase section */

/* Begin PBXFileReference section */
		CE59F1FA2967085100206B86 /* Domain.framework */ = {isa = PBXFileReference; explicitFileType = wrapper.framework; includeInIndex = 0; path = Domain.framework; sourceTree = BUILT_PRODUCTS_DIR; };
		CE59F20129670ACB00206B86 /* AddAccount.swift */ = {isa = PBXFileReference; lastKnownFileType = sourcecode.swift; path = AddAccount.swift; sourceTree = "<group>"; };
		CE59F20329670C1200206B86 /* AccountModel.swift */ = {isa = PBXFileReference; lastKnownFileType = sourcecode.swift; path = AccountModel.swift; sourceTree = "<group>"; };
		CE59F21629670D0C00206B86 /* Data.framework */ = {isa = PBXFileReference; explicitFileType = wrapper.framework; includeInIndex = 0; path = Data.framework; sourceTree = BUILT_PRODUCTS_DIR; };
		CE59F21D29670D0C00206B86 /* DataTests.xctest */ = {isa = PBXFileReference; explicitFileType = wrapper.cfbundle; includeInIndex = 0; path = DataTests.xctest; sourceTree = BUILT_PRODUCTS_DIR; };
		CE59F22229670D0D00206B86 /* RemoteAddAccountTests.swift */ = {isa = PBXFileReference; lastKnownFileType = sourcecode.swift; path = RemoteAddAccountTests.swift; sourceTree = "<group>"; };
		CEA8FF9C29686C5F00637AE8 /* Model.swift */ = {isa = PBXFileReference; lastKnownFileType = sourcecode.swift; path = Model.swift; sourceTree = "<group>"; };
		CEA8FF9E29686D0C00637AE8 /* RemoteAddAccount.swift */ = {isa = PBXFileReference; lastKnownFileType = sourcecode.swift; path = RemoteAddAccount.swift; sourceTree = "<group>"; };
		CEA8FFA029686DBB00637AE8 /* HttpPostClient.swift */ = {isa = PBXFileReference; lastKnownFileType = sourcecode.swift; path = HttpPostClient.swift; sourceTree = "<group>"; };
		CEEFE9FE296DAA26007F11A9 /* DomainError.swift */ = {isa = PBXFileReference; lastKnownFileType = sourcecode.swift; path = DomainError.swift; sourceTree = "<group>"; };
		CEEFEA01296DAA84007F11A9 /* HttpError.swift */ = {isa = PBXFileReference; fileEncoding = 4; lastKnownFileType = sourcecode.swift; path = HttpError.swift; sourceTree = "<group>"; };
/* End PBXFileReference section */

/* Begin PBXFrameworksBuildPhase section */
		CE59F1F72967085100206B86 /* Frameworks */ = {
			isa = PBXFrameworksBuildPhase;
			buildActionMask = 2147483647;
			files = (
			);
			runOnlyForDeploymentPostprocessing = 0;
		};
		CE59F21329670D0C00206B86 /* Frameworks */ = {
			isa = PBXFrameworksBuildPhase;
			buildActionMask = 2147483647;
			files = (
				CE59F22C29670D4A00206B86 /* Domain.framework in Frameworks */,
			);
			runOnlyForDeploymentPostprocessing = 0;
		};
		CE59F21A29670D0C00206B86 /* Frameworks */ = {
			isa = PBXFrameworksBuildPhase;
			buildActionMask = 2147483647;
			files = (
				CE59F21E29670D0C00206B86 /* Data.framework in Frameworks */,
			);
			runOnlyForDeploymentPostprocessing = 0;
		};
/* End PBXFrameworksBuildPhase section */

/* Begin PBXGroup section */
		CE59F1E12967051700206B86 = {
			isa = PBXGroup;
			children = (
				CE59F1FB2967085100206B86 /* Domain */,
				CE59F21729670D0C00206B86 /* Data */,
				CE59F22129670D0D00206B86 /* DataTests */,
				CE59F1EC2967051700206B86 /* Products */,
				CE59F22B29670D4A00206B86 /* Frameworks */,
			);
			sourceTree = "<group>";
		};
		CE59F1EC2967051700206B86 /* Products */ = {
			isa = PBXGroup;
			children = (
				CE59F1FA2967085100206B86 /* Domain.framework */,
				CE59F21629670D0C00206B86 /* Data.framework */,
				CE59F21D29670D0C00206B86 /* DataTests.xctest */,
			);
			name = Products;
			sourceTree = "<group>";
		};
		CE59F1FB2967085100206B86 /* Domain */ = {
			isa = PBXGroup;
			children = (
				CEEFEA00296DAA47007F11A9 /* Error */,
				CEA8FFA229686E5C00637AE8 /* UseCases */,
				CEA8FFA329686E7200637AE8 /* Models */,
			);
			path = Domain;
			sourceTree = "<group>";
		};
		CE59F21729670D0C00206B86 /* Data */ = {
			isa = PBXGroup;
			children = (
				CEA8FFA429686EA100637AE8 /* UseCases */,
				CEA8FFA529686EC300637AE8 /* Http */,
			);
			path = Data;
			sourceTree = "<group>";
		};
		CE59F22129670D0D00206B86 /* DataTests */ = {
			isa = PBXGroup;
			children = (
				CEA8FFA629686EDD00637AE8 /* UseCases */,
			);
			path = DataTests;
			sourceTree = "<group>";
		};
		CE59F22B29670D4A00206B86 /* Frameworks */ = {
			isa = PBXGroup;
			children = (
			);
			name = Frameworks;
			sourceTree = "<group>";
		};
		CEA8FFA229686E5C00637AE8 /* UseCases */ = {
			isa = PBXGroup;
			children = (
				CE59F20129670ACB00206B86 /* AddAccount.swift */,
			);
			path = UseCases;
			sourceTree = "<group>";
		};
		CEA8FFA329686E7200637AE8 /* Models */ = {
			isa = PBXGroup;
			children = (
				CE59F20329670C1200206B86 /* AccountModel.swift */,
				CEA8FF9C29686C5F00637AE8 /* Model.swift */,
			);
			path = Models;
			sourceTree = "<group>";
		};
		CEA8FFA429686EA100637AE8 /* UseCases */ = {
			isa = PBXGroup;
			children = (
				CEA8FF9E29686D0C00637AE8 /* RemoteAddAccount.swift */,
			);
			path = UseCases;
			sourceTree = "<group>";
		};
		CEA8FFA529686EC300637AE8 /* Http */ = {
			isa = PBXGroup;
			children = (
				CEEFEA01296DAA84007F11A9 /* HttpError.swift */,
				CEA8FFA029686DBB00637AE8 /* HttpPostClient.swift */,
			);
			path = Http;
			sourceTree = "<group>";
		};
		CEA8FFA629686EDD00637AE8 /* UseCases */ = {
			isa = PBXGroup;
			children = (
				CE59F22229670D0D00206B86 /* RemoteAddAccountTests.swift */,
			);
			path = UseCases;
			sourceTree = "<group>";
		};
		CEEFEA00296DAA47007F11A9 /* Error */ = {
			isa = PBXGroup;
			children = (
				CEEFE9FE296DAA26007F11A9 /* DomainError.swift */,
			);
			name = Error;
			path = UseCases/Error;
			sourceTree = "<group>";
		};
/* End PBXGroup section */

/* Begin PBXHeadersBuildPhase section */
		CE59F1F52967085100206B86 /* Headers */ = {
			isa = PBXHeadersBuildPhase;
			buildActionMask = 2147483647;
			files = (
			);
			runOnlyForDeploymentPostprocessing = 0;
		};
		CE59F21129670D0C00206B86 /* Headers */ = {
			isa = PBXHeadersBuildPhase;
			buildActionMask = 2147483647;
			files = (
			);
			runOnlyForDeploymentPostprocessing = 0;
		};
/* End PBXHeadersBuildPhase section */

/* Begin PBXNativeTarget section */
		CE59F1F92967085100206B86 /* Domain */ = {
			isa = PBXNativeTarget;
			buildConfigurationList = CE59F1FE2967085100206B86 /* Build configuration list for PBXNativeTarget "Domain" */;
			buildPhases = (
				CE59F1F52967085100206B86 /* Headers */,
				CE59F1F62967085100206B86 /* Sources */,
				CE59F1F72967085100206B86 /* Frameworks */,
				CE59F1F82967085100206B86 /* Resources */,
			);
			buildRules = (
			);
			dependencies = (
			);
			name = Domain;
			productName = Domain;
			productReference = CE59F1FA2967085100206B86 /* Domain.framework */;
			productType = "com.apple.product-type.framework";
		};
		CE59F21529670D0C00206B86 /* Data */ = {
			isa = PBXNativeTarget;
			buildConfigurationList = CE59F22529670D0D00206B86 /* Build configuration list for PBXNativeTarget "Data" */;
			buildPhases = (
				CE59F21129670D0C00206B86 /* Headers */,
				CE59F21229670D0C00206B86 /* Sources */,
				CE59F21329670D0C00206B86 /* Frameworks */,
				CE59F21429670D0C00206B86 /* Resources */,
				CE59F23029670D4A00206B86 /* Embed Frameworks */,
			);
			buildRules = (
			);
			dependencies = (
				CE59F22F29670D4A00206B86 /* PBXTargetDependency */,
			);
			name = Data;
			productName = Data;
			productReference = CE59F21629670D0C00206B86 /* Data.framework */;
			productType = "com.apple.product-type.framework";
		};
		CE59F21C29670D0C00206B86 /* DataTests */ = {
			isa = PBXNativeTarget;
			buildConfigurationList = CE59F22829670D0D00206B86 /* Build configuration list for PBXNativeTarget "DataTests" */;
			buildPhases = (
				CE59F21929670D0C00206B86 /* Sources */,
				CE59F21A29670D0C00206B86 /* Frameworks */,
				CE59F21B29670D0C00206B86 /* Resources */,
			);
			buildRules = (
			);
			dependencies = (
				CE59F22029670D0C00206B86 /* PBXTargetDependency */,
			);
			name = DataTests;
			productName = DataTests;
			productReference = CE59F21D29670D0C00206B86 /* DataTests.xctest */;
			productType = "com.apple.product-type.bundle.unit-test";
		};
/* End PBXNativeTarget section */

/* Begin PBXProject section */
		CE59F1E22967051700206B86 /* Project object */ = {
			isa = PBXProject;
			attributes = {
				BuildIndependentTargetsInParallel = 1;
				LastSwiftUpdateCheck = 1420;
				LastUpgradeCheck = 1420;
				TargetAttributes = {
					CE59F1F92967085100206B86 = {
						CreatedOnToolsVersion = 14.2;
						LastSwiftMigration = 1420;
					};
					CE59F21529670D0C00206B86 = {
						CreatedOnToolsVersion = 14.2;
						LastSwiftMigration = 1420;
					};
					CE59F21C29670D0C00206B86 = {
						CreatedOnToolsVersion = 14.2;
					};
				};
			};
			buildConfigurationList = CE59F1E52967051700206B86 /* Build configuration list for PBXProject "CleanApp" */;
			compatibilityVersion = "Xcode 14.0";
			developmentRegion = en;
			hasScannedForEncodings = 0;
			knownRegions = (
				en,
				Base,
			);
			mainGroup = CE59F1E12967051700206B86;
			productRefGroup = CE59F1EC2967051700206B86 /* Products */;
			projectDirPath = "";
			projectRoot = "";
			targets = (
				CE59F1F92967085100206B86 /* Domain */,
				CE59F21529670D0C00206B86 /* Data */,
				CE59F21C29670D0C00206B86 /* DataTests */,
			);
		};
/* End PBXProject section */

/* Begin PBXResourcesBuildPhase section */
		CE59F1F82967085100206B86 /* Resources */ = {
			isa = PBXResourcesBuildPhase;
			buildActionMask = 2147483647;
			files = (
			);
			runOnlyForDeploymentPostprocessing = 0;
		};
		CE59F21429670D0C00206B86 /* Resources */ = {
			isa = PBXResourcesBuildPhase;
			buildActionMask = 2147483647;
			files = (
			);
			runOnlyForDeploymentPostprocessing = 0;
		};
		CE59F21B29670D0C00206B86 /* Resources */ = {
			isa = PBXResourcesBuildPhase;
			buildActionMask = 2147483647;
			files = (
			);
			runOnlyForDeploymentPostprocessing = 0;
		};
/* End PBXResourcesBuildPhase section */

/* Begin PBXSourcesBuildPhase section */
		CE59F1F62967085100206B86 /* Sources */ = {
			isa = PBXSourcesBuildPhase;
			buildActionMask = 2147483647;
			files = (
				CEA8FF9D29686C5F00637AE8 /* Model.swift in Sources */,
				CE59F20229670ACB00206B86 /* AddAccount.swift in Sources */,
				CEEFE9FF296DAA26007F11A9 /* DomainError.swift in Sources */,
				CE59F20429670C1200206B86 /* AccountModel.swift in Sources */,
			);
			runOnlyForDeploymentPostprocessing = 0;
		};
		CE59F21229670D0C00206B86 /* Sources */ = {
			isa = PBXSourcesBuildPhase;
			buildActionMask = 2147483647;
			files = (
				CEA8FFA129686DBC00637AE8 /* HttpPostClient.swift in Sources */,
				CEEFEA02296DAA85007F11A9 /* HttpError.swift in Sources */,
				CEA8FF9F29686D0C00637AE8 /* RemoteAddAccount.swift in Sources */,
			);
			runOnlyForDeploymentPostprocessing = 0;
		};
		CE59F21929670D0C00206B86 /* Sources */ = {
			isa = PBXSourcesBuildPhase;
			buildActionMask = 2147483647;
			files = (
				CE59F22329670D0D00206B86 /* RemoteAddAccountTests.swift in Sources */,
			);
			runOnlyForDeploymentPostprocessing = 0;
		};
/* End PBXSourcesBuildPhase section */

/* Begin PBXTargetDependency section */
		CE59F22029670D0C00206B86 /* PBXTargetDependency */ = {
			isa = PBXTargetDependency;
			target = CE59F21529670D0C00206B86 /* Data */;
			targetProxy = CE59F21F29670D0C00206B86 /* PBXContainerItemProxy */;
		};
		CE59F22F29670D4A00206B86 /* PBXTargetDependency */ = {
			isa = PBXTargetDependency;
			target = CE59F1F92967085100206B86 /* Domain */;
			targetProxy = CE59F22E29670D4A00206B86 /* PBXContainerItemProxy */;
		};
/* End PBXTargetDependency section */

/* Begin XCBuildConfiguration section */
		CE59F1F02967051700206B86 /* Debug */ = {
			isa = XCBuildConfiguration;
			buildSettings = {
				ALWAYS_SEARCH_USER_PATHS = NO;
				CLANG_ANALYZER_NONNULL = YES;
				CLANG_ANALYZER_NUMBER_OBJECT_CONVERSION = YES_AGGRESSIVE;
				CLANG_CXX_LANGUAGE_STANDARD = "gnu++20";
				CLANG_ENABLE_MODULES = YES;
				CLANG_ENABLE_OBJC_ARC = YES;
				CLANG_ENABLE_OBJC_WEAK = YES;
				CLANG_WARN_BLOCK_CAPTURE_AUTORELEASING = YES;
				CLANG_WARN_BOOL_CONVERSION = YES;
				CLANG_WARN_COMMA = YES;
				CLANG_WARN_CONSTANT_CONVERSION = YES;
				CLANG_WARN_DEPRECATED_OBJC_IMPLEMENTATIONS = YES;
				CLANG_WARN_DIRECT_OBJC_ISA_USAGE = YES_ERROR;
				CLANG_WARN_DOCUMENTATION_COMMENTS = YES;
				CLANG_WARN_EMPTY_BODY = YES;
				CLANG_WARN_ENUM_CONVERSION = YES;
				CLANG_WARN_INFINITE_RECURSION = YES;
				CLANG_WARN_INT_CONVERSION = YES;
				CLANG_WARN_NON_LITERAL_NULL_CONVERSION = YES;
				CLANG_WARN_OBJC_IMPLICIT_RETAIN_SELF = YES;
				CLANG_WARN_OBJC_LITERAL_CONVERSION = YES;
				CLANG_WARN_OBJC_ROOT_CLASS = YES_ERROR;
				CLANG_WARN_QUOTED_INCLUDE_IN_FRAMEWORK_HEADER = YES;
				CLANG_WARN_RANGE_LOOP_ANALYSIS = YES;
				CLANG_WARN_STRICT_PROTOTYPES = YES;
				CLANG_WARN_SUSPICIOUS_MOVE = YES;
				CLANG_WARN_UNGUARDED_AVAILABILITY = YES_AGGRESSIVE;
				CLANG_WARN_UNREACHABLE_CODE = YES;
				CLANG_WARN__DUPLICATE_METHOD_MATCH = YES;
				COPY_PHASE_STRIP = NO;
				CURRENT_PROJECT_VERSION = 1;
				DEBUG_INFORMATION_FORMAT = dwarf;
				ENABLE_STRICT_OBJC_MSGSEND = YES;
				ENABLE_TESTABILITY = YES;
				GCC_C_LANGUAGE_STANDARD = gnu11;
				GCC_DYNAMIC_NO_PIC = NO;
				GCC_NO_COMMON_BLOCKS = YES;
				GCC_OPTIMIZATION_LEVEL = 0;
				GCC_PREPROCESSOR_DEFINITIONS = (
					"DEBUG=1",
					"$(inherited)",
				);
				GCC_WARN_64_TO_32_BIT_CONVERSION = YES;
				GCC_WARN_ABOUT_RETURN_TYPE = YES_ERROR;
				GCC_WARN_UNDECLARED_SELECTOR = YES;
				GCC_WARN_UNINITIALIZED_AUTOS = YES_AGGRESSIVE;
				GCC_WARN_UNUSED_FUNCTION = YES;
				GCC_WARN_UNUSED_VARIABLE = YES;
				IPHONEOS_DEPLOYMENT_TARGET = 16.2;
				MTL_ENABLE_DEBUG_INFO = INCLUDE_SOURCE;
				MTL_FAST_MATH = YES;
				ONLY_ACTIVE_ARCH = YES;
				SDKROOT = iphoneos;
				SWIFT_ACTIVE_COMPILATION_CONDITIONS = DEBUG;
				SWIFT_OPTIMIZATION_LEVEL = "-Onone";
				VERSIONING_SYSTEM = "apple-generic";
				VERSION_INFO_PREFIX = "";
			};
			name = Debug;
		};
		CE59F1F12967051700206B86 /* Release */ = {
			isa = XCBuildConfiguration;
			buildSettings = {
				ALWAYS_SEARCH_USER_PATHS = NO;
				CLANG_ANALYZER_NONNULL = YES;
				CLANG_ANALYZER_NUMBER_OBJECT_CONVERSION = YES_AGGRESSIVE;
				CLANG_CXX_LANGUAGE_STANDARD = "gnu++20";
				CLANG_ENABLE_MODULES = YES;
				CLANG_ENABLE_OBJC_ARC = YES;
				CLANG_ENABLE_OBJC_WEAK = YES;
				CLANG_WARN_BLOCK_CAPTURE_AUTORELEASING = YES;
				CLANG_WARN_BOOL_CONVERSION = YES;
				CLANG_WARN_COMMA = YES;
				CLANG_WARN_CONSTANT_CONVERSION = YES;
				CLANG_WARN_DEPRECATED_OBJC_IMPLEMENTATIONS = YES;
				CLANG_WARN_DIRECT_OBJC_ISA_USAGE = YES_ERROR;
				CLANG_WARN_DOCUMENTATION_COMMENTS = YES;
				CLANG_WARN_EMPTY_BODY = YES;
				CLANG_WARN_ENUM_CONVERSION = YES;
				CLANG_WARN_INFINITE_RECURSION = YES;
				CLANG_WARN_INT_CONVERSION = YES;
				CLANG_WARN_NON_LITERAL_NULL_CONVERSION = YES;
				CLANG_WARN_OBJC_IMPLICIT_RETAIN_SELF = YES;
				CLANG_WARN_OBJC_LITERAL_CONVERSION = YES;
				CLANG_WARN_OBJC_ROOT_CLASS = YES_ERROR;
				CLANG_WARN_QUOTED_INCLUDE_IN_FRAMEWORK_HEADER = YES;
				CLANG_WARN_RANGE_LOOP_ANALYSIS = YES;
				CLANG_WARN_STRICT_PROTOTYPES = YES;
				CLANG_WARN_SUSPICIOUS_MOVE = YES;
				CLANG_WARN_UNGUARDED_AVAILABILITY = YES_AGGRESSIVE;
				CLANG_WARN_UNREACHABLE_CODE = YES;
				CLANG_WARN__DUPLICATE_METHOD_MATCH = YES;
				COPY_PHASE_STRIP = NO;
				CURRENT_PROJECT_VERSION = 1;
				DEBUG_INFORMATION_FORMAT = "dwarf-with-dsym";
				ENABLE_NS_ASSERTIONS = NO;
				ENABLE_STRICT_OBJC_MSGSEND = YES;
				GCC_C_LANGUAGE_STANDARD = gnu11;
				GCC_NO_COMMON_BLOCKS = YES;
				GCC_WARN_64_TO_32_BIT_CONVERSION = YES;
				GCC_WARN_ABOUT_RETURN_TYPE = YES_ERROR;
				GCC_WARN_UNDECLARED_SELECTOR = YES;
				GCC_WARN_UNINITIALIZED_AUTOS = YES_AGGRESSIVE;
				GCC_WARN_UNUSED_FUNCTION = YES;
				GCC_WARN_UNUSED_VARIABLE = YES;
				IPHONEOS_DEPLOYMENT_TARGET = 16.2;
				MTL_ENABLE_DEBUG_INFO = NO;
				MTL_FAST_MATH = YES;
				SDKROOT = iphoneos;
				SWIFT_COMPILATION_MODE = wholemodule;
				SWIFT_OPTIMIZATION_LEVEL = "-O";
				VALIDATE_PRODUCT = YES;
				VERSIONING_SYSTEM = "apple-generic";
				VERSION_INFO_PREFIX = "";
			};
			name = Release;
		};
		CE59F1FF2967085100206B86 /* Debug */ = {
			isa = XCBuildConfiguration;
			buildSettings = {
				CLANG_ENABLE_MODULES = YES;
				CODE_SIGN_STYLE = Automatic;
				COMBINE_HIDPI_IMAGES = YES;
				CURRENT_PROJECT_VERSION = 1;
				DEFINES_MODULE = YES;
				DYLIB_COMPATIBILITY_VERSION = 1;
				DYLIB_CURRENT_VERSION = 1;
				DYLIB_INSTALL_NAME_BASE = "@rpath";
				GENERATE_INFOPLIST_FILE = YES;
				INFOPLIST_KEY_NSHumanReadableCopyright = "";
				INSTALL_PATH = "$(LOCAL_LIBRARY_DIR)/Frameworks";
				LD_RUNPATH_SEARCH_PATHS = (
					"$(inherited)",
					"@executable_path/../Frameworks",
					"@loader_path/Frameworks",
				);
				MACOSX_DEPLOYMENT_TARGET = 12.6;
				MARKETING_VERSION = 1.0;
				PRODUCT_BUNDLE_IDENTIFIER = com.clean.app.Domain;
				PRODUCT_NAME = "$(TARGET_NAME:c99extidentifier)";
				SDKROOT = macosx;
				SKIP_INSTALL = YES;
				SWIFT_EMIT_LOC_STRINGS = YES;
				SWIFT_OPTIMIZATION_LEVEL = "-Onone";
				SWIFT_VERSION = 5.0;
			};
			name = Debug;
		};
		CE59F2002967085100206B86 /* Release */ = {
			isa = XCBuildConfiguration;
			buildSettings = {
				CLANG_ENABLE_MODULES = YES;
				CODE_SIGN_STYLE = Automatic;
				COMBINE_HIDPI_IMAGES = YES;
				CURRENT_PROJECT_VERSION = 1;
				DEFINES_MODULE = YES;
				DYLIB_COMPATIBILITY_VERSION = 1;
				DYLIB_CURRENT_VERSION = 1;
				DYLIB_INSTALL_NAME_BASE = "@rpath";
				GENERATE_INFOPLIST_FILE = YES;
				INFOPLIST_KEY_NSHumanReadableCopyright = "";
				INSTALL_PATH = "$(LOCAL_LIBRARY_DIR)/Frameworks";
				LD_RUNPATH_SEARCH_PATHS = (
					"$(inherited)",
					"@executable_path/../Frameworks",
					"@loader_path/Frameworks",
				);
				MACOSX_DEPLOYMENT_TARGET = 12.6;
				MARKETING_VERSION = 1.0;
				PRODUCT_BUNDLE_IDENTIFIER = com.clean.app.Domain;
				PRODUCT_NAME = "$(TARGET_NAME:c99extidentifier)";
				SDKROOT = macosx;
				SKIP_INSTALL = YES;
				SWIFT_EMIT_LOC_STRINGS = YES;
				SWIFT_VERSION = 5.0;
			};
			name = Release;
		};
		CE59F22629670D0D00206B86 /* Debug */ = {
			isa = XCBuildConfiguration;
			buildSettings = {
				CLANG_ENABLE_MODULES = YES;
				CODE_SIGN_STYLE = Automatic;
				COMBINE_HIDPI_IMAGES = YES;
				CURRENT_PROJECT_VERSION = 1;
				DEFINES_MODULE = YES;
				DYLIB_COMPATIBILITY_VERSION = 1;
				DYLIB_CURRENT_VERSION = 1;
				DYLIB_INSTALL_NAME_BASE = "@rpath";
				GENERATE_INFOPLIST_FILE = YES;
				INFOPLIST_KEY_NSHumanReadableCopyright = "";
				INSTALL_PATH = "$(LOCAL_LIBRARY_DIR)/Frameworks";
				LD_RUNPATH_SEARCH_PATHS = (
					"$(inherited)",
					"@executable_path/../Frameworks",
					"@loader_path/Frameworks",
				);
				MACOSX_DEPLOYMENT_TARGET = 12.6;
				MARKETING_VERSION = 1.0;
				PRODUCT_BUNDLE_IDENTIFIER = com.clean.app.Data;
				PRODUCT_NAME = "$(TARGET_NAME:c99extidentifier)";
				SDKROOT = macosx;
				SKIP_INSTALL = YES;
				SWIFT_EMIT_LOC_STRINGS = YES;
				SWIFT_OPTIMIZATION_LEVEL = "-Onone";
				SWIFT_VERSION = 5.0;
			};
			name = Debug;
		};
		CE59F22729670D0D00206B86 /* Release */ = {
			isa = XCBuildConfiguration;
			buildSettings = {
				CLANG_ENABLE_MODULES = YES;
				CODE_SIGN_STYLE = Automatic;
				COMBINE_HIDPI_IMAGES = YES;
				CURRENT_PROJECT_VERSION = 1;
				DEFINES_MODULE = YES;
				DYLIB_COMPATIBILITY_VERSION = 1;
				DYLIB_CURRENT_VERSION = 1;
				DYLIB_INSTALL_NAME_BASE = "@rpath";
				GENERATE_INFOPLIST_FILE = YES;
				INFOPLIST_KEY_NSHumanReadableCopyright = "";
				INSTALL_PATH = "$(LOCAL_LIBRARY_DIR)/Frameworks";
				LD_RUNPATH_SEARCH_PATHS = (
					"$(inherited)",
					"@executable_path/../Frameworks",
					"@loader_path/Frameworks",
				);
				MACOSX_DEPLOYMENT_TARGET = 12.6;
				MARKETING_VERSION = 1.0;
				PRODUCT_BUNDLE_IDENTIFIER = com.clean.app.Data;
				PRODUCT_NAME = "$(TARGET_NAME:c99extidentifier)";
				SDKROOT = macosx;
				SKIP_INSTALL = YES;
				SWIFT_EMIT_LOC_STRINGS = YES;
				SWIFT_VERSION = 5.0;
			};
			name = Release;
		};
		CE59F22929670D0D00206B86 /* Debug */ = {
			isa = XCBuildConfiguration;
			buildSettings = {
				ALWAYS_EMBED_SWIFT_STANDARD_LIBRARIES = YES;
				CODE_SIGN_STYLE = Automatic;
				CURRENT_PROJECT_VERSION = 1;
				GENERATE_INFOPLIST_FILE = YES;
				MACOSX_DEPLOYMENT_TARGET = 12.6;
				MARKETING_VERSION = 1.0;
				PRODUCT_BUNDLE_IDENTIFIER = com.clean.app.DataTests;
				PRODUCT_NAME = "$(TARGET_NAME)";
				SDKROOT = macosx;
				SWIFT_EMIT_LOC_STRINGS = NO;
				SWIFT_VERSION = 5.0;
			};
			name = Debug;
		};
		CE59F22A29670D0D00206B86 /* Release */ = {
			isa = XCBuildConfiguration;
			buildSettings = {
				ALWAYS_EMBED_SWIFT_STANDARD_LIBRARIES = YES;
				CODE_SIGN_STYLE = Automatic;
				CURRENT_PROJECT_VERSION = 1;
				GENERATE_INFOPLIST_FILE = YES;
				MACOSX_DEPLOYMENT_TARGET = 12.6;
				MARKETING_VERSION = 1.0;
				PRODUCT_BUNDLE_IDENTIFIER = com.clean.app.DataTests;
				PRODUCT_NAME = "$(TARGET_NAME)";
				SDKROOT = macosx;
				SWIFT_EMIT_LOC_STRINGS = NO;
				SWIFT_VERSION = 5.0;
			};
			name = Release;
		};
/* End XCBuildConfiguration section */

/* Begin XCConfigurationList section */
		CE59F1E52967051700206B86 /* Build configuration list for PBXProject "CleanApp" */ = {
			isa = XCConfigurationList;
			buildConfigurations = (
				CE59F1F02967051700206B86 /* Debug */,
				CE59F1F12967051700206B86 /* Release */,
			);
			defaultConfigurationIsVisible = 0;
			defaultConfigurationName = Release;
		};
		CE59F1FE2967085100206B86 /* Build configuration list for PBXNativeTarget "Domain" */ = {
			isa = XCConfigurationList;
			buildConfigurations = (
				CE59F1FF2967085100206B86 /* Debug */,
				CE59F2002967085100206B86 /* Release */,
			);
			defaultConfigurationIsVisible = 0;
			defaultConfigurationName = Release;
		};
		CE59F22529670D0D00206B86 /* Build configuration list for PBXNativeTarget "Data" */ = {
			isa = XCConfigurationList;
			buildConfigurations = (
				CE59F22629670D0D00206B86 /* Debug */,
				CE59F22729670D0D00206B86 /* Release */,
			);
			defaultConfigurationIsVisible = 0;
			defaultConfigurationName = Release;
		};
		CE59F22829670D0D00206B86 /* Build configuration list for PBXNativeTarget "DataTests" */ = {
			isa = XCConfigurationList;
			buildConfigurations = (
				CE59F22929670D0D00206B86 /* Debug */,
				CE59F22A29670D0D00206B86 /* Release */,
			);
			defaultConfigurationIsVisible = 0;
			defaultConfigurationName = Release;
		};
/* End XCConfigurationList section */
	};
	rootObject = CE59F1E22967051700206B86 /* Project object */;
}
