// !$*UTF8*$!
{
	archiveVersion = 1;
	classes = {
	};
	objectVersion = 56;
	objects = {

/* Begin PBXBuildFile section */
		CE36FF672979CA4A0023BE4A /* AlamofireAdapter.swift in Sources */ = {isa = PBXBuildFile; fileRef = CE36FF662979CA4A0023BE4A /* AlamofireAdapter.swift */; };
		CE36FF6B2979CB430023BE4A /* URLProtocolStub.swift in Sources */ = {isa = PBXBuildFile; fileRef = CE36FF6A2979CB430023BE4A /* URLProtocolStub.swift */; };
		CE36FF732979D3520023BE4A /* AddAccountIntegrationTest.swift in Sources */ = {isa = PBXBuildFile; fileRef = CE36FF722979D3520023BE4A /* AddAccountIntegrationTest.swift */; };
		CE36FF742979D3520023BE4A /* Data.framework in Frameworks */ = {isa = PBXBuildFile; fileRef = CE59F21629670D0C00206B86 /* Data.framework */; };
		CE59F20229670ACB00206B86 /* AddAccount.swift in Sources */ = {isa = PBXBuildFile; fileRef = CE59F20129670ACB00206B86 /* AddAccount.swift */; };
		CE59F20429670C1200206B86 /* AccountModel.swift in Sources */ = {isa = PBXBuildFile; fileRef = CE59F20329670C1200206B86 /* AccountModel.swift */; };
		CE59F21E29670D0C00206B86 /* Data.framework in Frameworks */ = {isa = PBXBuildFile; fileRef = CE59F21629670D0C00206B86 /* Data.framework */; };
		CE59F22329670D0D00206B86 /* RemoteAddAccountTests.swift in Sources */ = {isa = PBXBuildFile; fileRef = CE59F22229670D0D00206B86 /* RemoteAddAccountTests.swift */; };
		CE59F22C29670D4A00206B86 /* Domain.framework in Frameworks */ = {isa = PBXBuildFile; fileRef = CE59F1FA2967085100206B86 /* Domain.framework */; };
		CE59F22D29670D4A00206B86 /* Domain.framework in Embed Frameworks */ = {isa = PBXBuildFile; fileRef = CE59F1FA2967085100206B86 /* Domain.framework */; settings = {ATTRIBUTES = (CodeSignOnCopy, RemoveHeadersOnCopy, ); }; };
		CEA8FF9D29686C5F00637AE8 /* Model.swift in Sources */ = {isa = PBXBuildFile; fileRef = CEA8FF9C29686C5F00637AE8 /* Model.swift */; };
		CEA8FF9F29686D0C00637AE8 /* RemoteAddAccount.swift in Sources */ = {isa = PBXBuildFile; fileRef = CEA8FF9E29686D0C00637AE8 /* RemoteAddAccount.swift */; };
		CEA8FFA129686DBC00637AE8 /* HttpPostClient.swift in Sources */ = {isa = PBXBuildFile; fileRef = CEA8FFA029686DBB00637AE8 /* HttpPostClient.swift */; };
		CEBFFFA62971E25600195187 /* ExtensionHelpers.swift in Sources */ = {isa = PBXBuildFile; fileRef = CEBFFFA52971E25600195187 /* ExtensionHelpers.swift */; };
		CEBFFFA92971FC8300195187 /* TextExtension.swift in Sources */ = {isa = PBXBuildFile; fileRef = CEBFFFA82971FC8300195187 /* TextExtension.swift */; };
		CEBFFFAB2971FD2200195187 /* TestFactories.swift in Sources */ = {isa = PBXBuildFile; fileRef = CEBFFFAA2971FD2200195187 /* TestFactories.swift */; };
		CEBFFFAE2971FD9A00195187 /* HttpClientSpy.swift in Sources */ = {isa = PBXBuildFile; fileRef = CEBFFFAD2971FD9A00195187 /* HttpClientSpy.swift */; };
		CEBFFFB02971FDEF00195187 /* AccountModelFactory.swift in Sources */ = {isa = PBXBuildFile; fileRef = CEBFFFAF2971FDEF00195187 /* AccountModelFactory.swift */; };
		CEBFFFBE2972FBC700195187 /* Infra.framework in Frameworks */ = {isa = PBXBuildFile; fileRef = CEBFFFB62972FBC600195187 /* Infra.framework */; };
		CEBFFFC32972FBC700195187 /* AlamofireAdapterTests.swift in Sources */ = {isa = PBXBuildFile; fileRef = CEBFFFC22972FBC700195187 /* AlamofireAdapterTests.swift */; };
		CEBFFFCB2972FCF300195187 /* Data.framework in Frameworks */ = {isa = PBXBuildFile; fileRef = CE59F21629670D0C00206B86 /* Data.framework */; };
		CEBFFFCC2972FCF300195187 /* Data.framework in Embed Frameworks */ = {isa = PBXBuildFile; fileRef = CE59F21629670D0C00206B86 /* Data.framework */; settings = {ATTRIBUTES = (CodeSignOnCopy, RemoveHeadersOnCopy, ); }; };
		CEBFFFD22972FE2600195187 /* TestFactories.swift in Sources */ = {isa = PBXBuildFile; fileRef = CEBFFFAA2971FD2200195187 /* TestFactories.swift */; };
		CEBFFFD32972FE2A00195187 /* TextExtension.swift in Sources */ = {isa = PBXBuildFile; fileRef = CEBFFFA82971FC8300195187 /* TextExtension.swift */; };
		CEBFFFD62972FEE300195187 /* Alamofire in Frameworks */ = {isa = PBXBuildFile; productRef = CEBFFFD52972FEE300195187 /* Alamofire */; };
		CEBFFFD82972FF3E00195187 /* Alamofire in Frameworks */ = {isa = PBXBuildFile; productRef = CEBFFFD72972FF3E00195187 /* Alamofire */; };
		CEEFE9FF296DAA26007F11A9 /* DomainError.swift in Sources */ = {isa = PBXBuildFile; fileRef = CEEFE9FE296DAA26007F11A9 /* DomainError.swift */; };
		CEEFEA02296DAA85007F11A9 /* HttpError.swift in Sources */ = {isa = PBXBuildFile; fileRef = CEEFEA01296DAA84007F11A9 /* HttpError.swift */; };
/* End PBXBuildFile section */

/* Begin PBXContainerItemProxy section */
		CE36FF752979D3520023BE4A /* PBXContainerItemProxy */ = {
			isa = PBXContainerItemProxy;
			containerPortal = CE59F1E22967051700206B86 /* Project object */;
			proxyType = 1;
			remoteGlobalIDString = CE59F21529670D0C00206B86;
			remoteInfo = Data;
		};
		CE36FF7A2979D3790023BE4A /* PBXContainerItemProxy */ = {
			isa = PBXContainerItemProxy;
			containerPortal = CE59F1E22967051700206B86 /* Project object */;
			proxyType = 1;
			remoteGlobalIDString = CE59F1F92967085100206B86;
			remoteInfo = Domain;
		};
		CE36FF7C2979D3790023BE4A /* PBXContainerItemProxy */ = {
			isa = PBXContainerItemProxy;
			containerPortal = CE59F1E22967051700206B86 /* Project object */;
			proxyType = 1;
			remoteGlobalIDString = CEBFFFB52972FBC600195187;
			remoteInfo = Infra;
		};
		CE59F21F29670D0C00206B86 /* PBXContainerItemProxy */ = {
			isa = PBXContainerItemProxy;
			containerPortal = CE59F1E22967051700206B86 /* Project object */;
			proxyType = 1;
			remoteGlobalIDString = CE59F21529670D0C00206B86;
			remoteInfo = Data;
		};
		CE59F22E29670D4A00206B86 /* PBXContainerItemProxy */ = {
			isa = PBXContainerItemProxy;
			containerPortal = CE59F1E22967051700206B86 /* Project object */;
			proxyType = 1;
			remoteGlobalIDString = CE59F1F92967085100206B86;
			remoteInfo = Domain;
		};
		CEBFFFBF2972FBC700195187 /* PBXContainerItemProxy */ = {
			isa = PBXContainerItemProxy;
			containerPortal = CE59F1E22967051700206B86 /* Project object */;
			proxyType = 1;
			remoteGlobalIDString = CEBFFFB52972FBC600195187;
			remoteInfo = Infra;
		};
		CEBFFFCD2972FCF300195187 /* PBXContainerItemProxy */ = {
			isa = PBXContainerItemProxy;
			containerPortal = CE59F1E22967051700206B86 /* Project object */;
			proxyType = 1;
			remoteGlobalIDString = CE59F21529670D0C00206B86;
			remoteInfo = Data;
		};
/* End PBXContainerItemProxy section */

/* Begin PBXCopyFilesBuildPhase section */
		CE59F23029670D4A00206B86 /* Embed Frameworks */ = {
			isa = PBXCopyFilesBuildPhase;
			buildActionMask = 2147483647;
			dstPath = "";
			dstSubfolderSpec = 10;
			files = (
				CE59F22D29670D4A00206B86 /* Domain.framework in Embed Frameworks */,
			);
			name = "Embed Frameworks";
			runOnlyForDeploymentPostprocessing = 0;
		};
		CEBFFFCF2972FCF300195187 /* Embed Frameworks */ = {
			isa = PBXCopyFilesBuildPhase;
			buildActionMask = 2147483647;
			dstPath = "";
			dstSubfolderSpec = 10;
			files = (
				CEBFFFCC2972FCF300195187 /* Data.framework in Embed Frameworks */,
			);
			name = "Embed Frameworks";
			runOnlyForDeploymentPostprocessing = 0;
		};
/* End PBXCopyFilesBuildPhase section */

/* Begin PBXFileReference section */
		CE36FF662979CA4A0023BE4A /* AlamofireAdapter.swift */ = {isa = PBXFileReference; lastKnownFileType = sourcecode.swift; path = AlamofireAdapter.swift; sourceTree = "<group>"; };
		CE36FF6A2979CB430023BE4A /* URLProtocolStub.swift */ = {isa = PBXFileReference; lastKnownFileType = sourcecode.swift; path = URLProtocolStub.swift; sourceTree = "<group>"; };
		CE36FF702979D3520023BE4A /* UseCasesIntegrationTests.xctest */ = {isa = PBXFileReference; explicitFileType = wrapper.cfbundle; includeInIndex = 0; path = UseCasesIntegrationTests.xctest; sourceTree = BUILT_PRODUCTS_DIR; };
		CE36FF722979D3520023BE4A /* AddAccountIntegrationTest.swift */ = {isa = PBXFileReference; lastKnownFileType = sourcecode.swift; path = AddAccountIntegrationTest.swift; sourceTree = "<group>"; };
		CE59F1FA2967085100206B86 /* Domain.framework */ = {isa = PBXFileReference; explicitFileType = wrapper.framework; includeInIndex = 0; path = Domain.framework; sourceTree = BUILT_PRODUCTS_DIR; };
		CE59F20129670ACB00206B86 /* AddAccount.swift */ = {isa = PBXFileReference; lastKnownFileType = sourcecode.swift; path = AddAccount.swift; sourceTree = "<group>"; };
		CE59F20329670C1200206B86 /* AccountModel.swift */ = {isa = PBXFileReference; lastKnownFileType = sourcecode.swift; path = AccountModel.swift; sourceTree = "<group>"; };
		CE59F21629670D0C00206B86 /* Data.framework */ = {isa = PBXFileReference; explicitFileType = wrapper.framework; includeInIndex = 0; path = Data.framework; sourceTree = BUILT_PRODUCTS_DIR; };
		CE59F21D29670D0C00206B86 /* DataTests.xctest */ = {isa = PBXFileReference; explicitFileType = wrapper.cfbundle; includeInIndex = 0; path = DataTests.xctest; sourceTree = BUILT_PRODUCTS_DIR; };
		CE59F22229670D0D00206B86 /* RemoteAddAccountTests.swift */ = {isa = PBXFileReference; lastKnownFileType = sourcecode.swift; path = RemoteAddAccountTests.swift; sourceTree = "<group>"; };
		CEA8FF9C29686C5F00637AE8 /* Model.swift */ = {isa = PBXFileReference; lastKnownFileType = sourcecode.swift; path = Model.swift; sourceTree = "<group>"; };
		CEA8FF9E29686D0C00637AE8 /* RemoteAddAccount.swift */ = {isa = PBXFileReference; lastKnownFileType = sourcecode.swift; path = RemoteAddAccount.swift; sourceTree = "<group>"; };
		CEA8FFA029686DBB00637AE8 /* HttpPostClient.swift */ = {isa = PBXFileReference; lastKnownFileType = sourcecode.swift; path = HttpPostClient.swift; sourceTree = "<group>"; };
		CEBFFFA52971E25600195187 /* ExtensionHelpers.swift */ = {isa = PBXFileReference; lastKnownFileType = sourcecode.swift; path = ExtensionHelpers.swift; sourceTree = "<group>"; };
		CEBFFFA82971FC8300195187 /* TextExtension.swift */ = {isa = PBXFileReference; lastKnownFileType = sourcecode.swift; path = TextExtension.swift; sourceTree = "<group>"; };
		CEBFFFAA2971FD2200195187 /* TestFactories.swift */ = {isa = PBXFileReference; lastKnownFileType = sourcecode.swift; path = TestFactories.swift; sourceTree = "<group>"; };
		CEBFFFAD2971FD9A00195187 /* HttpClientSpy.swift */ = {isa = PBXFileReference; lastKnownFileType = sourcecode.swift; path = HttpClientSpy.swift; sourceTree = "<group>"; };
		CEBFFFAF2971FDEF00195187 /* AccountModelFactory.swift */ = {isa = PBXFileReference; lastKnownFileType = sourcecode.swift; path = AccountModelFactory.swift; sourceTree = "<group>"; };
		CEBFFFB62972FBC600195187 /* Infra.framework */ = {isa = PBXFileReference; explicitFileType = wrapper.framework; includeInIndex = 0; path = Infra.framework; sourceTree = BUILT_PRODUCTS_DIR; };
		CEBFFFBD2972FBC700195187 /* InfraTests.xctest */ = {isa = PBXFileReference; explicitFileType = wrapper.cfbundle; includeInIndex = 0; path = InfraTests.xctest; sourceTree = BUILT_PRODUCTS_DIR; };
		CEBFFFC22972FBC700195187 /* AlamofireAdapterTests.swift */ = {isa = PBXFileReference; lastKnownFileType = sourcecode.swift; path = AlamofireAdapterTests.swift; sourceTree = "<group>"; };
		CEEFE9FE296DAA26007F11A9 /* DomainError.swift */ = {isa = PBXFileReference; lastKnownFileType = sourcecode.swift; path = DomainError.swift; sourceTree = "<group>"; };
		CEEFEA01296DAA84007F11A9 /* HttpError.swift */ = {isa = PBXFileReference; fileEncoding = 4; lastKnownFileType = sourcecode.swift; path = HttpError.swift; sourceTree = "<group>"; };
/* End PBXFileReference section */

/* Begin PBXFrameworksBuildPhase section */
		CE36FF6D2979D3520023BE4A /* Frameworks */ = {
			isa = PBXFrameworksBuildPhase;
			buildActionMask = 2147483647;
			files = (
				CE36FF742979D3520023BE4A /* Data.framework in Frameworks */,
			);
			runOnlyForDeploymentPostprocessing = 0;
		};
		CE59F1F72967085100206B86 /* Frameworks */ = {
			isa = PBXFrameworksBuildPhase;
			buildActionMask = 2147483647;
			files = (
				CEBFFFD62972FEE300195187 /* Alamofire in Frameworks */,
			);
			runOnlyForDeploymentPostprocessing = 0;
		};
		CE59F21329670D0C00206B86 /* Frameworks */ = {
			isa = PBXFrameworksBuildPhase;
			buildActionMask = 2147483647;
			files = (
				CE59F22C29670D4A00206B86 /* Domain.framework in Frameworks */,
			);
			runOnlyForDeploymentPostprocessing = 0;
		};
		CE59F21A29670D0C00206B86 /* Frameworks */ = {
			isa = PBXFrameworksBuildPhase;
			buildActionMask = 2147483647;
			files = (
				CE59F21E29670D0C00206B86 /* Data.framework in Frameworks */,
			);
			runOnlyForDeploymentPostprocessing = 0;
		};
		CEBFFFB32972FBC600195187 /* Frameworks */ = {
			isa = PBXFrameworksBuildPhase;
			buildActionMask = 2147483647;
			files = (
				CEBFFFCB2972FCF300195187 /* Data.framework in Frameworks */,
				CEBFFFD82972FF3E00195187 /* Alamofire in Frameworks */,
			);
			runOnlyForDeploymentPostprocessing = 0;
		};
		CEBFFFBA2972FBC700195187 /* Frameworks */ = {
			isa = PBXFrameworksBuildPhase;
			buildActionMask = 2147483647;
			files = (
				CEBFFFBE2972FBC700195187 /* Infra.framework in Frameworks */,
			);
			runOnlyForDeploymentPostprocessing = 0;
		};
/* End PBXFrameworksBuildPhase section */

/* Begin PBXGroup section */
		CE36FF682979CACC0023BE4A /* Http */ = {
			isa = PBXGroup;
			children = (
				CE36FF662979CA4A0023BE4A /* AlamofireAdapter.swift */,
			);
			path = Http;
			sourceTree = "<group>";
		};
		CE36FF692979CB320023BE4A /* Http */ = {
			isa = PBXGroup;
			children = (
				CEBFFFC22972FBC700195187 /* AlamofireAdapterTests.swift */,
				CE36FF6A2979CB430023BE4A /* URLProtocolStub.swift */,
			);
			path = Http;
			sourceTree = "<group>";
		};
		CE36FF712979D3520023BE4A /* UseCasesIntegrationTests */ = {
			isa = PBXGroup;
			children = (
				CE36FF722979D3520023BE4A /* AddAccountIntegrationTest.swift */,
			);
			path = UseCasesIntegrationTests;
			sourceTree = "<group>";
		};
		CE59F1E12967051700206B86 = {
			isa = PBXGroup;
			children = (
				CE59F1FB2967085100206B86 /* Domain */,
				CE59F21729670D0C00206B86 /* Data */,
				CE59F22129670D0D00206B86 /* DataTests */,
				CEBFFFB72972FBC600195187 /* Infra */,
				CEBFFFC12972FBC700195187 /* InfraTests */,
				CE36FF712979D3520023BE4A /* UseCasesIntegrationTests */,
				CE59F1EC2967051700206B86 /* Products */,
				CE59F22B29670D4A00206B86 /* Frameworks */,
			);
			sourceTree = "<group>";
		};
		CE59F1EC2967051700206B86 /* Products */ = {
			isa = PBXGroup;
			children = (
				CE59F1FA2967085100206B86 /* Domain.framework */,
				CE59F21629670D0C00206B86 /* Data.framework */,
				CE59F21D29670D0C00206B86 /* DataTests.xctest */,
				CEBFFFB62972FBC600195187 /* Infra.framework */,
				CEBFFFBD2972FBC700195187 /* InfraTests.xctest */,
				CE36FF702979D3520023BE4A /* UseCasesIntegrationTests.xctest */,
			);
			name = Products;
			sourceTree = "<group>";
		};
		CE59F1FB2967085100206B86 /* Domain */ = {
			isa = PBXGroup;
			children = (
				CEEFEA00296DAA47007F11A9 /* Error */,
				CEA8FFA229686E5C00637AE8 /* UseCases */,
				CEA8FFA329686E7200637AE8 /* Models */,
			);
			path = Domain;
			sourceTree = "<group>";
		};
		CE59F21729670D0C00206B86 /* Data */ = {
			isa = PBXGroup;
			children = (
				CEBFFFA42971E23800195187 /* Helpers */,
				CEA8FFA429686EA100637AE8 /* UseCases */,
				CEA8FFA529686EC300637AE8 /* Http */,
			);
			path = Data;
			sourceTree = "<group>";
		};
		CE59F22129670D0D00206B86 /* DataTests */ = {
			isa = PBXGroup;
			children = (
				CEBFFFAC2971FD8800195187 /* Http */,
				CEBFFFA72971FC5400195187 /* Helpers */,
				CEA8FFA629686EDD00637AE8 /* UseCases */,
			);
			path = DataTests;
			sourceTree = "<group>";
		};
		CE59F22B29670D4A00206B86 /* Frameworks */ = {
			isa = PBXGroup;
			children = (
			);
			name = Frameworks;
			sourceTree = "<group>";
		};
		CEA8FFA229686E5C00637AE8 /* UseCases */ = {
			isa = PBXGroup;
			children = (
				CE59F20129670ACB00206B86 /* AddAccount.swift */,
			);
			path = UseCases;
			sourceTree = "<group>";
		};
		CEA8FFA329686E7200637AE8 /* Models */ = {
			isa = PBXGroup;
			children = (
				CE59F20329670C1200206B86 /* AccountModel.swift */,
				CEA8FF9C29686C5F00637AE8 /* Model.swift */,
			);
			path = Models;
			sourceTree = "<group>";
		};
		CEA8FFA429686EA100637AE8 /* UseCases */ = {
			isa = PBXGroup;
			children = (
				CEA8FF9E29686D0C00637AE8 /* RemoteAddAccount.swift */,
			);
			path = UseCases;
			sourceTree = "<group>";
		};
		CEA8FFA529686EC300637AE8 /* Http */ = {
			isa = PBXGroup;
			children = (
				CEEFEA01296DAA84007F11A9 /* HttpError.swift */,
				CEA8FFA029686DBB00637AE8 /* HttpPostClient.swift */,
			);
			path = Http;
			sourceTree = "<group>";
		};
		CEA8FFA629686EDD00637AE8 /* UseCases */ = {
			isa = PBXGroup;
			children = (
				CE59F22229670D0D00206B86 /* RemoteAddAccountTests.swift */,
			);
			path = UseCases;
			sourceTree = "<group>";
		};
		CEBFFFA42971E23800195187 /* Helpers */ = {
			isa = PBXGroup;
			children = (
				CEBFFFA52971E25600195187 /* ExtensionHelpers.swift */,
			);
			path = Helpers;
			sourceTree = "<group>";
		};
		CEBFFFA72971FC5400195187 /* Helpers */ = {
			isa = PBXGroup;
			children = (
				CEBFFFA82971FC8300195187 /* TextExtension.swift */,
				CEBFFFAA2971FD2200195187 /* TestFactories.swift */,
				CEBFFFAF2971FDEF00195187 /* AccountModelFactory.swift */,
			);
			path = Helpers;
			sourceTree = "<group>";
		};
		CEBFFFAC2971FD8800195187 /* Http */ = {
			isa = PBXGroup;
			children = (
				CEBFFFAD2971FD9A00195187 /* HttpClientSpy.swift */,
			);
			path = Http;
			sourceTree = "<group>";
		};
		CEBFFFB72972FBC600195187 /* Infra */ = {
			isa = PBXGroup;
			children = (
				CE36FF682979CACC0023BE4A /* Http */,
			);
			path = Infra;
			sourceTree = "<group>";
		};
		CEBFFFC12972FBC700195187 /* InfraTests */ = {
			isa = PBXGroup;
			children = (
				CE36FF692979CB320023BE4A /* Http */,
			);
			path = InfraTests;
			sourceTree = "<group>";
		};
		CEEFEA00296DAA47007F11A9 /* Error */ = {
			isa = PBXGroup;
			children = (
				CEEFE9FE296DAA26007F11A9 /* DomainError.swift */,
			);
			name = Error;
			path = UseCases/Error;
			sourceTree = "<group>";
		};
/* End PBXGroup section */

/* Begin PBXHeadersBuildPhase section */
		CE59F1F52967085100206B86 /* Headers */ = {
			isa = PBXHeadersBuildPhase;
			buildActionMask = 2147483647;
			files = (
			);
			runOnlyForDeploymentPostprocessing = 0;
		};
		CE59F21129670D0C00206B86 /* Headers */ = {
			isa = PBXHeadersBuildPhase;
			buildActionMask = 2147483647;
			files = (
			);
			runOnlyForDeploymentPostprocessing = 0;
		};
		CEBFFFB12972FBC600195187 /* Headers */ = {
			isa = PBXHeadersBuildPhase;
			buildActionMask = 2147483647;
			files = (
			);
			runOnlyForDeploymentPostprocessing = 0;
		};
/* End PBXHeadersBuildPhase section */

/* Begin PBXNativeTarget section */
		CE36FF6F2979D3520023BE4A /* UseCasesIntegrationTests */ = {
			isa = PBXNativeTarget;
			buildConfigurationList = CE36FF772979D3520023BE4A /* Build configuration list for PBXNativeTarget "UseCasesIntegrationTests" */;
			buildPhases = (
				CE36FF6C2979D3520023BE4A /* Sources */,
				CE36FF6D2979D3520023BE4A /* Frameworks */,
				CE36FF6E2979D3520023BE4A /* Resources */,
			);
			buildRules = (
			);
			dependencies = (
				CE36FF7B2979D3790023BE4A /* PBXTargetDependency */,
				CE36FF7D2979D3790023BE4A /* PBXTargetDependency */,
				CE36FF762979D3520023BE4A /* PBXTargetDependency */,
			);
			name = UseCasesIntegrationTests;
			productName = UseCasesIntegrationTests;
			productReference = CE36FF702979D3520023BE4A /* UseCasesIntegrationTests.xctest */;
			productType = "com.apple.product-type.bundle.unit-test";
		};
		CE59F1F92967085100206B86 /* Domain */ = {
			isa = PBXNativeTarget;
			buildConfigurationList = CE59F1FE2967085100206B86 /* Build configuration list for PBXNativeTarget "Domain" */;
			buildPhases = (
				CE59F1F52967085100206B86 /* Headers */,
				CE59F1F62967085100206B86 /* Sources */,
				CE59F1F72967085100206B86 /* Frameworks */,
				CE59F1F82967085100206B86 /* Resources */,
			);
			buildRules = (
			);
			dependencies = (
			);
			name = Domain;
			packageProductDependencies = (
				CEBFFFD52972FEE300195187 /* Alamofire */,
			);
			productName = Domain;
			productReference = CE59F1FA2967085100206B86 /* Domain.framework */;
			productType = "com.apple.product-type.framework";
		};
		CE59F21529670D0C00206B86 /* Data */ = {
			isa = PBXNativeTarget;
			buildConfigurationList = CE59F22529670D0D00206B86 /* Build configuration list for PBXNativeTarget "Data" */;
			buildPhases = (
				CE59F21129670D0C00206B86 /* Headers */,
				CE59F21229670D0C00206B86 /* Sources */,
				CE59F21329670D0C00206B86 /* Frameworks */,
				CE59F21429670D0C00206B86 /* Resources */,
				CE59F23029670D4A00206B86 /* Embed Frameworks */,
			);
			buildRules = (
			);
			dependencies = (
				CE59F22F29670D4A00206B86 /* PBXTargetDependency */,
			);
			name = Data;
			productName = Data;
			productReference = CE59F21629670D0C00206B86 /* Data.framework */;
			productType = "com.apple.product-type.framework";
		};
		CE59F21C29670D0C00206B86 /* DataTests */ = {
			isa = PBXNativeTarget;
			buildConfigurationList = CE59F22829670D0D00206B86 /* Build configuration list for PBXNativeTarget "DataTests" */;
			buildPhases = (
				CE59F21929670D0C00206B86 /* Sources */,
				CE59F21A29670D0C00206B86 /* Frameworks */,
				CE59F21B29670D0C00206B86 /* Resources */,
			);
			buildRules = (
			);
			dependencies = (
				CE59F22029670D0C00206B86 /* PBXTargetDependency */,
			);
			name = DataTests;
			productName = DataTests;
			productReference = CE59F21D29670D0C00206B86 /* DataTests.xctest */;
			productType = "com.apple.product-type.bundle.unit-test";
		};
		CEBFFFB52972FBC600195187 /* Infra */ = {
			isa = PBXNativeTarget;
			buildConfigurationList = CEBFFFC52972FBC700195187 /* Build configuration list for PBXNativeTarget "Infra" */;
			buildPhases = (
				CEBFFFB12972FBC600195187 /* Headers */,
				CEBFFFB22972FBC600195187 /* Sources */,
				CEBFFFB32972FBC600195187 /* Frameworks */,
				CEBFFFB42972FBC600195187 /* Resources */,
				CEBFFFCF2972FCF300195187 /* Embed Frameworks */,
			);
			buildRules = (
			);
			dependencies = (
				CEBFFFCE2972FCF300195187 /* PBXTargetDependency */,
			);
			name = Infra;
			packageProductDependencies = (
				CEBFFFD72972FF3E00195187 /* Alamofire */,
			);
			productName = Infra;
			productReference = CEBFFFB62972FBC600195187 /* Infra.framework */;
			productType = "com.apple.product-type.framework";
		};
		CEBFFFBC2972FBC700195187 /* InfraTests */ = {
			isa = PBXNativeTarget;
			buildConfigurationList = CEBFFFC82972FBC700195187 /* Build configuration list for PBXNativeTarget "InfraTests" */;
			buildPhases = (
				CEBFFFB92972FBC700195187 /* Sources */,
				CEBFFFBA2972FBC700195187 /* Frameworks */,
				CEBFFFBB2972FBC700195187 /* Resources */,
			);
			buildRules = (
			);
			dependencies = (
				CEBFFFC02972FBC700195187 /* PBXTargetDependency */,
			);
			name = InfraTests;
			productName = InfraTests;
			productReference = CEBFFFBD2972FBC700195187 /* InfraTests.xctest */;
			productType = "com.apple.product-type.bundle.unit-test";
		};
/* End PBXNativeTarget section */

/* Begin PBXProject section */
		CE59F1E22967051700206B86 /* Project object */ = {
			isa = PBXProject;
			attributes = {
				BuildIndependentTargetsInParallel = 1;
				LastSwiftUpdateCheck = 1420;
				LastUpgradeCheck = 1420;
				TargetAttributes = {
					CE36FF6F2979D3520023BE4A = {
						CreatedOnToolsVersion = 14.2;
					};
					CE59F1F92967085100206B86 = {
						CreatedOnToolsVersion = 14.2;
						LastSwiftMigration = 1420;
					};
					CE59F21529670D0C00206B86 = {
						CreatedOnToolsVersion = 14.2;
						LastSwiftMigration = 1420;
					};
					CE59F21C29670D0C00206B86 = {
						CreatedOnToolsVersion = 14.2;
					};
					CEBFFFB52972FBC600195187 = {
						CreatedOnToolsVersion = 14.2;
						LastSwiftMigration = 1420;
					};
					CEBFFFBC2972FBC700195187 = {
						CreatedOnToolsVersion = 14.2;
					};
				};
			};
			buildConfigurationList = CE59F1E52967051700206B86 /* Build configuration list for PBXProject "CleanApp" */;
			compatibilityVersion = "Xcode 14.0";
			developmentRegion = en;
			hasScannedForEncodings = 0;
			knownRegions = (
				en,
				Base,
			);
			mainGroup = CE59F1E12967051700206B86;
			packageReferences = (
				CEBFFFD42972FEE300195187 /* XCRemoteSwiftPackageReference "Alamofire" */,
			);
			productRefGroup = CE59F1EC2967051700206B86 /* Products */;
			projectDirPath = "";
			projectRoot = "";
			targets = (
				CE59F1F92967085100206B86 /* Domain */,
				CE59F21529670D0C00206B86 /* Data */,
				CE59F21C29670D0C00206B86 /* DataTests */,
				CEBFFFB52972FBC600195187 /* Infra */,
				CEBFFFBC2972FBC700195187 /* InfraTests */,
				CE36FF6F2979D3520023BE4A /* UseCasesIntegrationTests */,
			);
		};
/* End PBXProject section */

/* Begin PBXResourcesBuildPhase section */
		CE36FF6E2979D3520023BE4A /* Resources */ = {
			isa = PBXResourcesBuildPhase;
			buildActionMask = 2147483647;
			files = (
			);
			runOnlyForDeploymentPostprocessing = 0;
		};
		CE59F1F82967085100206B86 /* Resources */ = {
			isa = PBXResourcesBuildPhase;
			buildActionMask = 2147483647;
			files = (
			);
			runOnlyForDeploymentPostprocessing = 0;
		};
		CE59F21429670D0C00206B86 /* Resources */ = {
			isa = PBXResourcesBuildPhase;
			buildActionMask = 2147483647;
			files = (
			);
			runOnlyForDeploymentPostprocessing = 0;
		};
		CE59F21B29670D0C00206B86 /* Resources */ = {
			isa = PBXResourcesBuildPhase;
			buildActionMask = 2147483647;
			files = (
			);
			runOnlyForDeploymentPostprocessing = 0;
		};
		CEBFFFB42972FBC600195187 /* Resources */ = {
			isa = PBXResourcesBuildPhase;
			buildActionMask = 2147483647;
			files = (
			);
			runOnlyForDeploymentPostprocessing = 0;
		};
		CEBFFFBB2972FBC700195187 /* Resources */ = {
			isa = PBXResourcesBuildPhase;
			buildActionMask = 2147483647;
			files = (
			);
			runOnlyForDeploymentPostprocessing = 0;
		};
/* End PBXResourcesBuildPhase section */

/* Begin PBXSourcesBuildPhase section */
		CE36FF6C2979D3520023BE4A /* Sources */ = {
			isa = PBXSourcesBuildPhase;
			buildActionMask = 2147483647;
			files = (
				CE36FF732979D3520023BE4A /* AddAccountIntegrationTest.swift in Sources */,
			);
			runOnlyForDeploymentPostprocessing = 0;
		};
		CE59F1F62967085100206B86 /* Sources */ = {
			isa = PBXSourcesBuildPhase;
			buildActionMask = 2147483647;
			files = (
				CEA8FF9D29686C5F00637AE8 /* Model.swift in Sources */,
				CE59F20229670ACB00206B86 /* AddAccount.swift in Sources */,
				CEEFE9FF296DAA26007F11A9 /* DomainError.swift in Sources */,
				CE59F20429670C1200206B86 /* AccountModel.swift in Sources */,
			);
			runOnlyForDeploymentPostprocessing = 0;
		};
		CE59F21229670D0C00206B86 /* Sources */ = {
			isa = PBXSourcesBuildPhase;
			buildActionMask = 2147483647;
			files = (
				CEA8FFA129686DBC00637AE8 /* HttpPostClient.swift in Sources */,
				CEBFFFA62971E25600195187 /* ExtensionHelpers.swift in Sources */,
				CEEFEA02296DAA85007F11A9 /* HttpError.swift in Sources */,
				CEA8FF9F29686D0C00637AE8 /* RemoteAddAccount.swift in Sources */,
			);
			runOnlyForDeploymentPostprocessing = 0;
		};
		CE59F21929670D0C00206B86 /* Sources */ = {
			isa = PBXSourcesBuildPhase;
			buildActionMask = 2147483647;
			files = (
				CEBFFFAB2971FD2200195187 /* TestFactories.swift in Sources */,
				CEBFFFAE2971FD9A00195187 /* HttpClientSpy.swift in Sources */,
				CEBFFFA92971FC8300195187 /* TextExtension.swift in Sources */,
				CEBFFFB02971FDEF00195187 /* AccountModelFactory.swift in Sources */,
				CE59F22329670D0D00206B86 /* RemoteAddAccountTests.swift in Sources */,
			);
			runOnlyForDeploymentPostprocessing = 0;
		};
		CEBFFFB22972FBC600195187 /* Sources */ = {
			isa = PBXSourcesBuildPhase;
			buildActionMask = 2147483647;
			files = (
				CE36FF672979CA4A0023BE4A /* AlamofireAdapter.swift in Sources */,
			);
			runOnlyForDeploymentPostprocessing = 0;
		};
		CEBFFFB92972FBC700195187 /* Sources */ = {
			isa = PBXSourcesBuildPhase;
			buildActionMask = 2147483647;
			files = (
				CEBFFFD22972FE2600195187 /* TestFactories.swift in Sources */,
				CEBFFFD32972FE2A00195187 /* TextExtension.swift in Sources */,
				CEBFFFC32972FBC700195187 /* AlamofireAdapterTests.swift in Sources */,
				CE36FF6B2979CB430023BE4A /* URLProtocolStub.swift in Sources */,
			);
			runOnlyForDeploymentPostprocessing = 0;
		};
/* End PBXSourcesBuildPhase section */

/* Begin PBXTargetDependency section */
		CE36FF762979D3520023BE4A /* PBXTargetDependency */ = {
			isa = PBXTargetDependency;
			target = CE59F21529670D0C00206B86 /* Data */;
			targetProxy = CE36FF752979D3520023BE4A /* PBXContainerItemProxy */;
		};
		CE36FF7B2979D3790023BE4A /* PBXTargetDependency */ = {
			isa = PBXTargetDependency;
			target = CE59F1F92967085100206B86 /* Domain */;
			targetProxy = CE36FF7A2979D3790023BE4A /* PBXContainerItemProxy */;
		};
		CE36FF7D2979D3790023BE4A /* PBXTargetDependency */ = {
			isa = PBXTargetDependency;
			target = CEBFFFB52972FBC600195187 /* Infra */;
			targetProxy = CE36FF7C2979D3790023BE4A /* PBXContainerItemProxy */;
		};
		CE59F22029670D0C00206B86 /* PBXTargetDependency */ = {
			isa = PBXTargetDependency;
			target = CE59F21529670D0C00206B86 /* Data */;
			targetProxy = CE59F21F29670D0C00206B86 /* PBXContainerItemProxy */;
		};
		CE59F22F29670D4A00206B86 /* PBXTargetDependency */ = {
			isa = PBXTargetDependency;
			target = CE59F1F92967085100206B86 /* Domain */;
			targetProxy = CE59F22E29670D4A00206B86 /* PBXContainerItemProxy */;
		};
		CEBFFFC02972FBC700195187 /* PBXTargetDependency */ = {
			isa = PBXTargetDependency;
			target = CEBFFFB52972FBC600195187 /* Infra */;
			targetProxy = CEBFFFBF2972FBC700195187 /* PBXContainerItemProxy */;
		};
		CEBFFFCE2972FCF300195187 /* PBXTargetDependency */ = {
			isa = PBXTargetDependency;
			target = CE59F21529670D0C00206B86 /* Data */;
			targetProxy = CEBFFFCD2972FCF300195187 /* PBXContainerItemProxy */;
		};
/* End PBXTargetDependency section */

/* Begin XCBuildConfiguration section */
		CE36FF782979D3520023BE4A /* Debug */ = {
			isa = XCBuildConfiguration;
			buildSettings = {
				CODE_SIGN_STYLE = Automatic;
				CURRENT_PROJECT_VERSION = 1;
				GENERATE_INFOPLIST_FILE = YES;
				MACOSX_DEPLOYMENT_TARGET = 12.6;
				MARKETING_VERSION = 1.0;
				PRODUCT_BUNDLE_IDENTIFIER = com.clean.app.UseCasesIntegrationTests;
				PRODUCT_NAME = "$(TARGET_NAME)";
				SDKROOT = macosx;
				SWIFT_EMIT_LOC_STRINGS = NO;
				SWIFT_VERSION = 5.0;
			};
			name = Debug;
		};
		CE36FF792979D3520023BE4A /* Release */ = {
			isa = XCBuildConfiguration;
			buildSettings = {
				CODE_SIGN_STYLE = Automatic;
				CURRENT_PROJECT_VERSION = 1;
				GENERATE_INFOPLIST_FILE = YES;
				MACOSX_DEPLOYMENT_TARGET = 12.6;
				MARKETING_VERSION = 1.0;
				PRODUCT_BUNDLE_IDENTIFIER = com.clean.app.UseCasesIntegrationTests;
				PRODUCT_NAME = "$(TARGET_NAME)";
				SDKROOT = macosx;
				SWIFT_EMIT_LOC_STRINGS = NO;
				SWIFT_VERSION = 5.0;
			};
			name = Release;
		};
		CE59F1F02967051700206B86 /* Debug */ = {
			isa = XCBuildConfiguration;
			buildSettings = {
				ALWAYS_SEARCH_USER_PATHS = NO;
				CLANG_ANALYZER_NONNULL = YES;
				CLANG_ANALYZER_NUMBER_OBJECT_CONVERSION = YES_AGGRESSIVE;
				CLANG_CXX_LANGUAGE_STANDARD = "gnu++20";
				CLANG_ENABLE_MODULES = YES;
				CLANG_ENABLE_OBJC_ARC = YES;
				CLANG_ENABLE_OBJC_WEAK = YES;
				CLANG_WARN_BLOCK_CAPTURE_AUTORELEASING = YES;
				CLANG_WARN_BOOL_CONVERSION = YES;
				CLANG_WARN_COMMA = YES;
				CLANG_WARN_CONSTANT_CONVERSION = YES;
				CLANG_WARN_DEPRECATED_OBJC_IMPLEMENTATIONS = YES;
				CLANG_WARN_DIRECT_OBJC_ISA_USAGE = YES_ERROR;
				CLANG_WARN_DOCUMENTATION_COMMENTS = YES;
				CLANG_WARN_EMPTY_BODY = YES;
				CLANG_WARN_ENUM_CONVERSION = YES;
				CLANG_WARN_INFINITE_RECURSION = YES;
				CLANG_WARN_INT_CONVERSION = YES;
				CLANG_WARN_NON_LITERAL_NULL_CONVERSION = YES;
				CLANG_WARN_OBJC_IMPLICIT_RETAIN_SELF = YES;
				CLANG_WARN_OBJC_LITERAL_CONVERSION = YES;
				CLANG_WARN_OBJC_ROOT_CLASS = YES_ERROR;
				CLANG_WARN_QUOTED_INCLUDE_IN_FRAMEWORK_HEADER = YES;
				CLANG_WARN_RANGE_LOOP_ANALYSIS = YES;
				CLANG_WARN_STRICT_PROTOTYPES = YES;
				CLANG_WARN_SUSPICIOUS_MOVE = YES;
				CLANG_WARN_UNGUARDED_AVAILABILITY = YES_AGGRESSIVE;
				CLANG_WARN_UNREACHABLE_CODE = YES;
				CLANG_WARN__DUPLICATE_METHOD_MATCH = YES;
				COPY_PHASE_STRIP = NO;
				CURRENT_PROJECT_VERSION = 1;
				DEBUG_INFORMATION_FORMAT = dwarf;
				ENABLE_STRICT_OBJC_MSGSEND = YES;
				ENABLE_TESTABILITY = YES;
				GCC_C_LANGUAGE_STANDARD = gnu11;
				GCC_DYNAMIC_NO_PIC = NO;
				GCC_NO_COMMON_BLOCKS = YES;
				GCC_OPTIMIZATION_LEVEL = 0;
				GCC_PREPROCESSOR_DEFINITIONS = (
					"DEBUG=1",
					"$(inherited)",
				);
				GCC_WARN_64_TO_32_BIT_CONVERSION = YES;
				GCC_WARN_ABOUT_RETURN_TYPE = YES_ERROR;
				GCC_WARN_UNDECLARED_SELECTOR = YES;
				GCC_WARN_UNINITIALIZED_AUTOS = YES_AGGRESSIVE;
				GCC_WARN_UNUSED_FUNCTION = YES;
				GCC_WARN_UNUSED_VARIABLE = YES;
				IPHONEOS_DEPLOYMENT_TARGET = 16.2;
				MTL_ENABLE_DEBUG_INFO = INCLUDE_SOURCE;
				MTL_FAST_MATH = YES;
				ONLY_ACTIVE_ARCH = YES;
				SDKROOT = iphoneos;
				SWIFT_ACTIVE_COMPILATION_CONDITIONS = DEBUG;
				SWIFT_OPTIMIZATION_LEVEL = "-Onone";
				VERSIONING_SYSTEM = "apple-generic";
				VERSION_INFO_PREFIX = "";
			};
			name = Debug;
		};
		CE59F1F12967051700206B86 /* Release */ = {
			isa = XCBuildConfiguration;
			buildSettings = {
				ALWAYS_SEARCH_USER_PATHS = NO;
				CLANG_ANALYZER_NONNULL = YES;
				CLANG_ANALYZER_NUMBER_OBJECT_CONVERSION = YES_AGGRESSIVE;
				CLANG_CXX_LANGUAGE_STANDARD = "gnu++20";
				CLANG_ENABLE_MODULES = YES;
				CLANG_ENABLE_OBJC_ARC = YES;
				CLANG_ENABLE_OBJC_WEAK = YES;
				CLANG_WARN_BLOCK_CAPTURE_AUTORELEASING = YES;
				CLANG_WARN_BOOL_CONVERSION = YES;
				CLANG_WARN_COMMA = YES;
				CLANG_WARN_CONSTANT_CONVERSION = YES;
				CLANG_WARN_DEPRECATED_OBJC_IMPLEMENTATIONS = YES;
				CLANG_WARN_DIRECT_OBJC_ISA_USAGE = YES_ERROR;
				CLANG_WARN_DOCUMENTATION_COMMENTS = YES;
				CLANG_WARN_EMPTY_BODY = YES;
				CLANG_WARN_ENUM_CONVERSION = YES;
				CLANG_WARN_INFINITE_RECURSION = YES;
				CLANG_WARN_INT_CONVERSION = YES;
				CLANG_WARN_NON_LITERAL_NULL_CONVERSION = YES;
				CLANG_WARN_OBJC_IMPLICIT_RETAIN_SELF = YES;
				CLANG_WARN_OBJC_LITERAL_CONVERSION = YES;
				CLANG_WARN_OBJC_ROOT_CLASS = YES_ERROR;
				CLANG_WARN_QUOTED_INCLUDE_IN_FRAMEWORK_HEADER = YES;
				CLANG_WARN_RANGE_LOOP_ANALYSIS = YES;
				CLANG_WARN_STRICT_PROTOTYPES = YES;
				CLANG_WARN_SUSPICIOUS_MOVE = YES;
				CLANG_WARN_UNGUARDED_AVAILABILITY = YES_AGGRESSIVE;
				CLANG_WARN_UNREACHABLE_CODE = YES;
				CLANG_WARN__DUPLICATE_METHOD_MATCH = YES;
				COPY_PHASE_STRIP = NO;
				CURRENT_PROJECT_VERSION = 1;
				DEBUG_INFORMATION_FORMAT = "dwarf-with-dsym";
				ENABLE_NS_ASSERTIONS = NO;
				ENABLE_STRICT_OBJC_MSGSEND = YES;
				GCC_C_LANGUAGE_STANDARD = gnu11;
				GCC_NO_COMMON_BLOCKS = YES;
				GCC_WARN_64_TO_32_BIT_CONVERSION = YES;
				GCC_WARN_ABOUT_RETURN_TYPE = YES_ERROR;
				GCC_WARN_UNDECLARED_SELECTOR = YES;
				GCC_WARN_UNINITIALIZED_AUTOS = YES_AGGRESSIVE;
				GCC_WARN_UNUSED_FUNCTION = YES;
				GCC_WARN_UNUSED_VARIABLE = YES;
				IPHONEOS_DEPLOYMENT_TARGET = 16.2;
				MTL_ENABLE_DEBUG_INFO = NO;
				MTL_FAST_MATH = YES;
				SDKROOT = iphoneos;
				SWIFT_COMPILATION_MODE = wholemodule;
				SWIFT_OPTIMIZATION_LEVEL = "-O";
				VALIDATE_PRODUCT = YES;
				VERSIONING_SYSTEM = "apple-generic";
				VERSION_INFO_PREFIX = "";
			};
			name = Release;
		};
		CE59F1FF2967085100206B86 /* Debug */ = {
			isa = XCBuildConfiguration;
			buildSettings = {
				CLANG_ENABLE_MODULES = YES;
				CODE_SIGN_STYLE = Automatic;
				COMBINE_HIDPI_IMAGES = YES;
				CURRENT_PROJECT_VERSION = 1;
				DEFINES_MODULE = YES;
				DYLIB_COMPATIBILITY_VERSION = 1;
				DYLIB_CURRENT_VERSION = 1;
				DYLIB_INSTALL_NAME_BASE = "@rpath";
				GENERATE_INFOPLIST_FILE = YES;
				INFOPLIST_KEY_NSHumanReadableCopyright = "";
				INSTALL_PATH = "$(LOCAL_LIBRARY_DIR)/Frameworks";
				LD_RUNPATH_SEARCH_PATHS = (
					"$(inherited)",
					"@executable_path/../Frameworks",
					"@loader_path/Frameworks",
				);
				MACOSX_DEPLOYMENT_TARGET = 12.6;
				MARKETING_VERSION = 1.0;
				PRODUCT_BUNDLE_IDENTIFIER = com.clean.app.Domain;
				PRODUCT_NAME = "$(TARGET_NAME:c99extidentifier)";
				SDKROOT = macosx;
				SKIP_INSTALL = YES;
				SWIFT_EMIT_LOC_STRINGS = YES;
				SWIFT_OPTIMIZATION_LEVEL = "-Onone";
				SWIFT_VERSION = 5.0;
			};
			name = Debug;
		};
		CE59F2002967085100206B86 /* Release */ = {
			isa = XCBuildConfiguration;
			buildSettings = {
				CLANG_ENABLE_MODULES = YES;
				CODE_SIGN_STYLE = Automatic;
				COMBINE_HIDPI_IMAGES = YES;
				CURRENT_PROJECT_VERSION = 1;
				DEFINES_MODULE = YES;
				DYLIB_COMPATIBILITY_VERSION = 1;
				DYLIB_CURRENT_VERSION = 1;
				DYLIB_INSTALL_NAME_BASE = "@rpath";
				GENERATE_INFOPLIST_FILE = YES;
				INFOPLIST_KEY_NSHumanReadableCopyright = "";
				INSTALL_PATH = "$(LOCAL_LIBRARY_DIR)/Frameworks";
				LD_RUNPATH_SEARCH_PATHS = (
					"$(inherited)",
					"@executable_path/../Frameworks",
					"@loader_path/Frameworks",
				);
				MACOSX_DEPLOYMENT_TARGET = 12.6;
				MARKETING_VERSION = 1.0;
				PRODUCT_BUNDLE_IDENTIFIER = com.clean.app.Domain;
				PRODUCT_NAME = "$(TARGET_NAME:c99extidentifier)";
				SDKROOT = macosx;
				SKIP_INSTALL = YES;
				SWIFT_EMIT_LOC_STRINGS = YES;
				SWIFT_VERSION = 5.0;
			};
			name = Release;
		};
		CE59F22629670D0D00206B86 /* Debug */ = {
			isa = XCBuildConfiguration;
			buildSettings = {
				CLANG_ENABLE_MODULES = YES;
				CODE_SIGN_STYLE = Automatic;
				COMBINE_HIDPI_IMAGES = YES;
				CURRENT_PROJECT_VERSION = 1;
				DEFINES_MODULE = YES;
				DYLIB_COMPATIBILITY_VERSION = 1;
				DYLIB_CURRENT_VERSION = 1;
				DYLIB_INSTALL_NAME_BASE = "@rpath";
				GENERATE_INFOPLIST_FILE = YES;
				INFOPLIST_KEY_NSHumanReadableCopyright = "";
				INSTALL_PATH = "$(LOCAL_LIBRARY_DIR)/Frameworks";
				LD_RUNPATH_SEARCH_PATHS = (
					"$(inherited)",
					"@executable_path/../Frameworks",
					"@loader_path/Frameworks",
				);
				MACOSX_DEPLOYMENT_TARGET = 12.6;
				MARKETING_VERSION = 1.0;
				PRODUCT_BUNDLE_IDENTIFIER = com.clean.app.Data;
				PRODUCT_NAME = "$(TARGET_NAME:c99extidentifier)";
				SDKROOT = macosx;
				SKIP_INSTALL = YES;
				SWIFT_EMIT_LOC_STRINGS = YES;
				SWIFT_OPTIMIZATION_LEVEL = "-Onone";
				SWIFT_VERSION = 5.0;
			};
			name = Debug;
		};
		CE59F22729670D0D00206B86 /* Release */ = {
			isa = XCBuildConfiguration;
			buildSettings = {
				CLANG_ENABLE_MODULES = YES;
				CODE_SIGN_STYLE = Automatic;
				COMBINE_HIDPI_IMAGES = YES;
				CURRENT_PROJECT_VERSION = 1;
				DEFINES_MODULE = YES;
				DYLIB_COMPATIBILITY_VERSION = 1;
				DYLIB_CURRENT_VERSION = 1;
				DYLIB_INSTALL_NAME_BASE = "@rpath";
				GENERATE_INFOPLIST_FILE = YES;
				INFOPLIST_KEY_NSHumanReadableCopyright = "";
				INSTALL_PATH = "$(LOCAL_LIBRARY_DIR)/Frameworks";
				LD_RUNPATH_SEARCH_PATHS = (
					"$(inherited)",
					"@executable_path/../Frameworks",
					"@loader_path/Frameworks",
				);
				MACOSX_DEPLOYMENT_TARGET = 12.6;
				MARKETING_VERSION = 1.0;
				PRODUCT_BUNDLE_IDENTIFIER = com.clean.app.Data;
				PRODUCT_NAME = "$(TARGET_NAME:c99extidentifier)";
				SDKROOT = macosx;
				SKIP_INSTALL = YES;
				SWIFT_EMIT_LOC_STRINGS = YES;
				SWIFT_VERSION = 5.0;
			};
			name = Release;
		};
		CE59F22929670D0D00206B86 /* Debug */ = {
			isa = XCBuildConfiguration;
			buildSettings = {
				ALWAYS_EMBED_SWIFT_STANDARD_LIBRARIES = YES;
				CODE_SIGN_STYLE = Automatic;
				CURRENT_PROJECT_VERSION = 1;
				GENERATE_INFOPLIST_FILE = YES;
				MACOSX_DEPLOYMENT_TARGET = 12.6;
				MARKETING_VERSION = 1.0;
				PRODUCT_BUNDLE_IDENTIFIER = com.clean.app.DataTests;
				PRODUCT_NAME = "$(TARGET_NAME)";
				SDKROOT = macosx;
				SWIFT_EMIT_LOC_STRINGS = NO;
				SWIFT_VERSION = 5.0;
			};
			name = Debug;
		};
		CE59F22A29670D0D00206B86 /* Release */ = {
			isa = XCBuildConfiguration;
			buildSettings = {
				ALWAYS_EMBED_SWIFT_STANDARD_LIBRARIES = YES;
				CODE_SIGN_STYLE = Automatic;
				CURRENT_PROJECT_VERSION = 1;
				GENERATE_INFOPLIST_FILE = YES;
				MACOSX_DEPLOYMENT_TARGET = 12.6;
				MARKETING_VERSION = 1.0;
				PRODUCT_BUNDLE_IDENTIFIER = com.clean.app.DataTests;
				PRODUCT_NAME = "$(TARGET_NAME)";
				SDKROOT = macosx;
				SWIFT_EMIT_LOC_STRINGS = NO;
				SWIFT_VERSION = 5.0;
			};
			name = Release;
		};
		CEBFFFC62972FBC700195187 /* Debug */ = {
			isa = XCBuildConfiguration;
			buildSettings = {
				CLANG_ENABLE_MODULES = YES;
				CODE_SIGN_STYLE = Automatic;
				COMBINE_HIDPI_IMAGES = YES;
				CURRENT_PROJECT_VERSION = 1;
				DEFINES_MODULE = YES;
				DYLIB_COMPATIBILITY_VERSION = 1;
				DYLIB_CURRENT_VERSION = 1;
				DYLIB_INSTALL_NAME_BASE = "@rpath";
				GENERATE_INFOPLIST_FILE = YES;
				INFOPLIST_KEY_NSHumanReadableCopyright = "";
				INSTALL_PATH = "$(LOCAL_LIBRARY_DIR)/Frameworks";
				LD_RUNPATH_SEARCH_PATHS = (
					"$(inherited)",
					"@executable_path/../Frameworks",
					"@loader_path/Frameworks",
				);
				MACOSX_DEPLOYMENT_TARGET = 12.6;
				MARKETING_VERSION = 1.0;
				PRODUCT_BUNDLE_IDENTIFIER = com.clean.app.Infra;
				PRODUCT_NAME = "$(TARGET_NAME:c99extidentifier)";
				SDKROOT = macosx;
				SKIP_INSTALL = YES;
				SWIFT_EMIT_LOC_STRINGS = YES;
				SWIFT_OPTIMIZATION_LEVEL = "-Onone";
				SWIFT_VERSION = 5.0;
			};
			name = Debug;
		};
		CEBFFFC72972FBC700195187 /* Release */ = {
			isa = XCBuildConfiguration;
			buildSettings = {
				CLANG_ENABLE_MODULES = YES;
				CODE_SIGN_STYLE = Automatic;
				COMBINE_HIDPI_IMAGES = YES;
				CURRENT_PROJECT_VERSION = 1;
				DEFINES_MODULE = YES;
				DYLIB_COMPATIBILITY_VERSION = 1;
				DYLIB_CURRENT_VERSION = 1;
				DYLIB_INSTALL_NAME_BASE = "@rpath";
				GENERATE_INFOPLIST_FILE = YES;
				INFOPLIST_KEY_NSHumanReadableCopyright = "";
				INSTALL_PATH = "$(LOCAL_LIBRARY_DIR)/Frameworks";
				LD_RUNPATH_SEARCH_PATHS = (
					"$(inherited)",
					"@executable_path/../Frameworks",
					"@loader_path/Frameworks",
				);
				MACOSX_DEPLOYMENT_TARGET = 12.6;
				MARKETING_VERSION = 1.0;
				PRODUCT_BUNDLE_IDENTIFIER = com.clean.app.Infra;
				PRODUCT_NAME = "$(TARGET_NAME:c99extidentifier)";
				SDKROOT = macosx;
				SKIP_INSTALL = YES;
				SWIFT_EMIT_LOC_STRINGS = YES;
				SWIFT_VERSION = 5.0;
			};
			name = Release;
		};
		CEBFFFC92972FBC700195187 /* Debug */ = {
			isa = XCBuildConfiguration;
			buildSettings = {
				ALWAYS_EMBED_SWIFT_STANDARD_LIBRARIES = YES;
				CODE_SIGN_STYLE = Automatic;
				CURRENT_PROJECT_VERSION = 1;
				GENERATE_INFOPLIST_FILE = YES;
				MACOSX_DEPLOYMENT_TARGET = 12.6;
				MARKETING_VERSION = 1.0;
				PRODUCT_BUNDLE_IDENTIFIER = com.clean.app.InfraTests;
				PRODUCT_NAME = "$(TARGET_NAME)";
				SDKROOT = macosx;
				SWIFT_EMIT_LOC_STRINGS = NO;
				SWIFT_VERSION = 5.0;
			};
			name = Debug;
		};
		CEBFFFCA2972FBC700195187 /* Release */ = {
			isa = XCBuildConfiguration;
			buildSettings = {
				ALWAYS_EMBED_SWIFT_STANDARD_LIBRARIES = YES;
				CODE_SIGN_STYLE = Automatic;
				CURRENT_PROJECT_VERSION = 1;
				GENERATE_INFOPLIST_FILE = YES;
				MACOSX_DEPLOYMENT_TARGET = 12.6;
				MARKETING_VERSION = 1.0;
				PRODUCT_BUNDLE_IDENTIFIER = com.clean.app.InfraTests;
				PRODUCT_NAME = "$(TARGET_NAME)";
				SDKROOT = macosx;
				SWIFT_EMIT_LOC_STRINGS = NO;
				SWIFT_VERSION = 5.0;
			};
			name = Release;
		};
/* End XCBuildConfiguration section */

/* Begin XCConfigurationList section */
		CE36FF772979D3520023BE4A /* Build configuration list for PBXNativeTarget "UseCasesIntegrationTests" */ = {
			isa = XCConfigurationList;
			buildConfigurations = (
				CE36FF782979D3520023BE4A /* Debug */,
				CE36FF792979D3520023BE4A /* Release */,
			);
			defaultConfigurationIsVisible = 0;
			defaultConfigurationName = Release;
		};
		CE59F1E52967051700206B86 /* Build configuration list for PBXProject "CleanApp" */ = {
			isa = XCConfigurationList;
			buildConfigurations = (
				CE59F1F02967051700206B86 /* Debug */,
				CE59F1F12967051700206B86 /* Release */,
			);
			defaultConfigurationIsVisible = 0;
			defaultConfigurationName = Release;
		};
		CE59F1FE2967085100206B86 /* Build configuration list for PBXNativeTarget "Domain" */ = {
			isa = XCConfigurationList;
			buildConfigurations = (
				CE59F1FF2967085100206B86 /* Debug */,
				CE59F2002967085100206B86 /* Release */,
			);
			defaultConfigurationIsVisible = 0;
			defaultConfigurationName = Release;
		};
		CE59F22529670D0D00206B86 /* Build configuration list for PBXNativeTarget "Data" */ = {
			isa = XCConfigurationList;
			buildConfigurations = (
				CE59F22629670D0D00206B86 /* Debug */,
				CE59F22729670D0D00206B86 /* Release */,
			);
			defaultConfigurationIsVisible = 0;
			defaultConfigurationName = Release;
		};
		CE59F22829670D0D00206B86 /* Build configuration list for PBXNativeTarget "DataTests" */ = {
			isa = XCConfigurationList;
			buildConfigurations = (
				CE59F22929670D0D00206B86 /* Debug */,
				CE59F22A29670D0D00206B86 /* Release */,
			);
			defaultConfigurationIsVisible = 0;
			defaultConfigurationName = Release;
		};
		CEBFFFC52972FBC700195187 /* Build configuration list for PBXNativeTarget "Infra" */ = {
			isa = XCConfigurationList;
			buildConfigurations = (
				CEBFFFC62972FBC700195187 /* Debug */,
				CEBFFFC72972FBC700195187 /* Release */,
			);
			defaultConfigurationIsVisible = 0;
			defaultConfigurationName = Release;
		};
		CEBFFFC82972FBC700195187 /* Build configuration list for PBXNativeTarget "InfraTests" */ = {
			isa = XCConfigurationList;
			buildConfigurations = (
				CEBFFFC92972FBC700195187 /* Debug */,
				CEBFFFCA2972FBC700195187 /* Release */,
			);
			defaultConfigurationIsVisible = 0;
			defaultConfigurationName = Release;
		};
/* End XCConfigurationList section */

/* Begin XCRemoteSwiftPackageReference section */
		CEBFFFD42972FEE300195187 /* XCRemoteSwiftPackageReference "Alamofire" */ = {
			isa = XCRemoteSwiftPackageReference;
			repositoryURL = "https://github.com/Alamofire/Alamofire";
			requirement = {
				kind = upToNextMajorVersion;
				minimumVersion = 5.0.0;
			};
		};
/* End XCRemoteSwiftPackageReference section */

/* Begin XCSwiftPackageProductDependency section */
		CEBFFFD52972FEE300195187 /* Alamofire */ = {
			isa = XCSwiftPackageProductDependency;
			package = CEBFFFD42972FEE300195187 /* XCRemoteSwiftPackageReference "Alamofire" */;
			productName = Alamofire;
		};
		CEBFFFD72972FF3E00195187 /* Alamofire */ = {
			isa = XCSwiftPackageProductDependency;
			package = CEBFFFD42972FEE300195187 /* XCRemoteSwiftPackageReference "Alamofire" */;
			productName = Alamofire;
		};
/* End XCSwiftPackageProductDependency section */
	};
	rootObject = CE59F1E22967051700206B86 /* Project object */;
}
